// !$*UTF8*$!
{
	archiveVersion = 1;
	classes = {
	};
	objectVersion = 56;
	objects = {

/* Begin PBXBuildFile section */
		3A09615F2BD846F6000BE82A /* AppDelegate.swift in Sources */ = {isa = PBXBuildFile; fileRef = 3A09615E2BD846F6000BE82A /* AppDelegate.swift */; };
		3A0961612BD846F6000BE82A /* SceneDelegate.swift in Sources */ = {isa = PBXBuildFile; fileRef = 3A0961602BD846F6000BE82A /* SceneDelegate.swift */; };
		3A0961632BD846F6000BE82A /* GirisYapVC.swift in Sources */ = {isa = PBXBuildFile; fileRef = 3A0961622BD846F6000BE82A /* GirisYapVC.swift */; };
		3A0961662BD846F6000BE82A /* Main.storyboard in Resources */ = {isa = PBXBuildFile; fileRef = 3A0961642BD846F6000BE82A /* Main.storyboard */; };
		3A0961682BD846F8000BE82A /* Assets.xcassets in Resources */ = {isa = PBXBuildFile; fileRef = 3A0961672BD846F8000BE82A /* Assets.xcassets */; };
		3A09616B2BD846F8000BE82A /* LaunchScreen.storyboard in Resources */ = {isa = PBXBuildFile; fileRef = 3A0961692BD846F8000BE82A /* LaunchScreen.storyboard */; };
		3A0961732BD8DDEF000BE82A /* KayitOlVC.swift in Sources */ = {isa = PBXBuildFile; fileRef = 3A0961722BD8DDEF000BE82A /* KayitOlVC.swift */; };
		3A0961752BD8DE2C000BE82A /* AnasayfaVC.swift in Sources */ = {isa = PBXBuildFile; fileRef = 3A0961742BD8DE2C000BE82A /* AnasayfaVC.swift */; };
		3A0961772BD8DF05000BE82A /* TarifDefteriVC.swift in Sources */ = {isa = PBXBuildFile; fileRef = 3A0961762BD8DF05000BE82A /* TarifDefteriVC.swift */; };
		3A0961792BD8DF29000BE82A /* TarifYukleVC.swift in Sources */ = {isa = PBXBuildFile; fileRef = 3A0961782BD8DF29000BE82A /* TarifYukleVC.swift */; };
		3A09617B2BD8DF6E000BE82A /* ProfilVC.swift in Sources */ = {isa = PBXBuildFile; fileRef = 3A09617A2BD8DF6E000BE82A /* ProfilVC.swift */; };
		3A09617D2BD8DF9A000BE82A /* TarifDetayVC.swift in Sources */ = {isa = PBXBuildFile; fileRef = 3A09617C2BD8DF9A000BE82A /* TarifDetayVC.swift */; };
		3A0961832BD8E50F000BE82A /* Kategoriler.swift in Sources */ = {isa = PBXBuildFile; fileRef = 3A0961822BD8E50F000BE82A /* Kategoriler.swift */; };
		3A0961852BD8E548000BE82A /* Kullanicilar.swift in Sources */ = {isa = PBXBuildFile; fileRef = 3A0961842BD8E548000BE82A /* Kullanicilar.swift */; };
		3A0961892BD8E59E000BE82A /* Yemekler.swift in Sources */ = {isa = PBXBuildFile; fileRef = 3A0961882BD8E59E000BE82A /* Yemekler.swift */; };
		3A09618B2BD8E5C3000BE82A /* FavoriYemekler.swift in Sources */ = {isa = PBXBuildFile; fileRef = 3A09618A2BD8E5C3000BE82A /* FavoriYemekler.swift */; };
		3A09618D2BD8E65B000BE82A /* Alert.swift in Sources */ = {isa = PBXBuildFile; fileRef = 3A09618C2BD8E65B000BE82A /* Alert.swift */; };
/* End PBXBuildFile section */

/* Begin PBXFileReference section */
		3A09615B2BD846F6000BE82A /* Yemeklerim.app */ = {isa = PBXFileReference; explicitFileType = wrapper.application; includeInIndex = 0; path = Yemeklerim.app; sourceTree = BUILT_PRODUCTS_DIR; };
		3A09615E2BD846F6000BE82A /* AppDelegate.swift */ = {isa = PBXFileReference; lastKnownFileType = sourcecode.swift; path = AppDelegate.swift; sourceTree = "<group>"; };
		3A0961602BD846F6000BE82A /* SceneDelegate.swift */ = {isa = PBXFileReference; lastKnownFileType = sourcecode.swift; path = SceneDelegate.swift; sourceTree = "<group>"; };
		3A0961622BD846F6000BE82A /* GirisYapVC.swift */ = {isa = PBXFileReference; lastKnownFileType = sourcecode.swift; path = GirisYapVC.swift; sourceTree = "<group>"; };
		3A0961652BD846F6000BE82A /* Base */ = {isa = PBXFileReference; lastKnownFileType = file.storyboard; name = Base; path = Base.lproj/Main.storyboard; sourceTree = "<group>"; };
		3A0961672BD846F8000BE82A /* Assets.xcassets */ = {isa = PBXFileReference; lastKnownFileType = folder.assetcatalog; path = Assets.xcassets; sourceTree = "<group>"; };
		3A09616A2BD846F8000BE82A /* Base */ = {isa = PBXFileReference; lastKnownFileType = file.storyboard; name = Base; path = Base.lproj/LaunchScreen.storyboard; sourceTree = "<group>"; };
		3A09616C2BD846F8000BE82A /* Info.plist */ = {isa = PBXFileReference; lastKnownFileType = text.plist.xml; path = Info.plist; sourceTree = "<group>"; };
		3A0961722BD8DDEF000BE82A /* KayitOlVC.swift */ = {isa = PBXFileReference; lastKnownFileType = sourcecode.swift; path = KayitOlVC.swift; sourceTree = "<group>"; };
		3A0961742BD8DE2C000BE82A /* AnasayfaVC.swift */ = {isa = PBXFileReference; lastKnownFileType = sourcecode.swift; path = AnasayfaVC.swift; sourceTree = "<group>"; };
		3A0961762BD8DF05000BE82A /* TarifDefteriVC.swift */ = {isa = PBXFileReference; lastKnownFileType = sourcecode.swift; path = TarifDefteriVC.swift; sourceTree = "<group>"; };
		3A0961782BD8DF29000BE82A /* TarifYukleVC.swift */ = {isa = PBXFileReference; lastKnownFileType = sourcecode.swift; path = TarifYukleVC.swift; sourceTree = "<group>"; };
		3A09617A2BD8DF6E000BE82A /* ProfilVC.swift */ = {isa = PBXFileReference; lastKnownFileType = sourcecode.swift; path = ProfilVC.swift; sourceTree = "<group>"; };
		3A09617C2BD8DF9A000BE82A /* TarifDetayVC.swift */ = {isa = PBXFileReference; lastKnownFileType = sourcecode.swift; path = TarifDetayVC.swift; sourceTree = "<group>"; };
		3A0961822BD8E50F000BE82A /* Kategoriler.swift */ = {isa = PBXFileReference; lastKnownFileType = sourcecode.swift; path = Kategoriler.swift; sourceTree = "<group>"; };
		3A0961842BD8E548000BE82A /* Kullanicilar.swift */ = {isa = PBXFileReference; lastKnownFileType = sourcecode.swift; path = Kullanicilar.swift; sourceTree = "<group>"; };
		3A0961882BD8E59E000BE82A /* Yemekler.swift */ = {isa = PBXFileReference; lastKnownFileType = sourcecode.swift; path = Yemekler.swift; sourceTree = "<group>"; };
		3A09618A2BD8E5C3000BE82A /* FavoriYemekler.swift */ = {isa = PBXFileReference; lastKnownFileType = sourcecode.swift; path = FavoriYemekler.swift; sourceTree = "<group>"; };
		3A09618C2BD8E65B000BE82A /* Alert.swift */ = {isa = PBXFileReference; lastKnownFileType = sourcecode.swift; path = Alert.swift; sourceTree = "<group>"; };
/* End PBXFileReference section */

/* Begin PBXFrameworksBuildPhase section */
		3A0961582BD846F6000BE82A /* Frameworks */ = {
			isa = PBXFrameworksBuildPhase;
			buildActionMask = 2147483647;
			files = (
			);
			runOnlyForDeploymentPostprocessing = 0;
		};
/* End PBXFrameworksBuildPhase section */

/* Begin PBXGroup section */
		3A0961522BD846F6000BE82A = {
			isa = PBXGroup;
			children = (
				3A09615D2BD846F6000BE82A /* Yemeklerim */,
				3A09615C2BD846F6000BE82A /* Products */,
			);
			sourceTree = "<group>";
		};
		3A09615C2BD846F6000BE82A /* Products */ = {
			isa = PBXGroup;
			children = (
				3A09615B2BD846F6000BE82A /* Yemeklerim.app */,
			);
			name = Products;
			sourceTree = "<group>";
		};
		3A09615D2BD846F6000BE82A /* Yemeklerim */ = {
			isa = PBXGroup;
			children = (
				3A09615E2BD846F6000BE82A /* AppDelegate.swift */,
				3A0961602BD846F6000BE82A /* SceneDelegate.swift */,
				3A09616C2BD846F8000BE82A /* Info.plist */,
				3A0961622BD846F6000BE82A /* GirisYapVC.swift */,
				3A0961722BD8DDEF000BE82A /* KayitOlVC.swift */,
				3A0961742BD8DE2C000BE82A /* AnasayfaVC.swift */,
				3A0961762BD8DF05000BE82A /* TarifDefteriVC.swift */,
				3A0961782BD8DF29000BE82A /* TarifYukleVC.swift */,
				3A09617A2BD8DF6E000BE82A /* ProfilVC.swift */,
				3A09617C2BD8DF9A000BE82A /* TarifDetayVC.swift */,
				3A0961642BD846F6000BE82A /* Main.storyboard */,
				3A0961692BD846F8000BE82A /* LaunchScreen.storyboard */,
				3A0961672BD846F8000BE82A /* Assets.xcassets */,
				3A0961822BD8E50F000BE82A /* Kategoriler.swift */,
				3A0961842BD8E548000BE82A /* Kullanicilar.swift */,
				3A0961882BD8E59E000BE82A /* Yemekler.swift */,
				3A09618C2BD8E65B000BE82A /* Alert.swift */,
				3A09618A2BD8E5C3000BE82A /* FavoriYemekler.swift */,
			);
			path = Yemeklerim;
			sourceTree = "<group>";
		};
/* End PBXGroup section */

/* Begin PBXNativeTarget section */
		3A09615A2BD846F6000BE82A /* Yemeklerim */ = {
			isa = PBXNativeTarget;
			buildConfigurationList = 3A09616F2BD846F8000BE82A /* Build configuration list for PBXNativeTarget "Yemeklerim" */;
			buildPhases = (
				3A0961572BD846F6000BE82A /* Sources */,
				3A0961582BD846F6000BE82A /* Frameworks */,
				3A0961592BD846F6000BE82A /* Resources */,
			);
			buildRules = (
			);
			dependencies = (
			);
			name = Yemeklerim;
			productName = Yemeklerim;
			productReference = 3A09615B2BD846F6000BE82A /* Yemeklerim.app */;
			productType = "com.apple.product-type.application";
		};
/* End PBXNativeTarget section */

/* Begin PBXProject section */
		3A0961532BD846F6000BE82A /* Project object */ = {
			isa = PBXProject;
			attributes = {
				BuildIndependentTargetsInParallel = 1;
				LastSwiftUpdateCheck = 1500;
				LastUpgradeCheck = 1500;
				TargetAttributes = {
					3A09615A2BD846F6000BE82A = {
						CreatedOnToolsVersion = 15.0.1;
					};
				};
			};
			buildConfigurationList = 3A0961562BD846F6000BE82A /* Build configuration list for PBXProject "Yemeklerim" */;
			compatibilityVersion = "Xcode 14.0";
			developmentRegion = en;
			hasScannedForEncodings = 0;
			knownRegions = (
				en,
				Base,
			);
			mainGroup = 3A0961522BD846F6000BE82A;
			productRefGroup = 3A09615C2BD846F6000BE82A /* Products */;
			projectDirPath = "";
			projectRoot = "";
			targets = (
				3A09615A2BD846F6000BE82A /* Yemeklerim */,
			);
		};
/* End PBXProject section */

/* Begin PBXResourcesBuildPhase section */
		3A0961592BD846F6000BE82A /* Resources */ = {
			isa = PBXResourcesBuildPhase;
			buildActionMask = 2147483647;
			files = (
				3A09616B2BD846F8000BE82A /* LaunchScreen.storyboard in Resources */,
				3A0961682BD846F8000BE82A /* Assets.xcassets in Resources */,
				3A0961662BD846F6000BE82A /* Main.storyboard in Resources */,
			);
			runOnlyForDeploymentPostprocessing = 0;
		};
/* End PBXResourcesBuildPhase section */

/* Begin PBXSourcesBuildPhase section */
		3A0961572BD846F6000BE82A /* Sources */ = {
			isa = PBXSourcesBuildPhase;
			buildActionMask = 2147483647;
			files = (
				3A09617D2BD8DF9A000BE82A /* TarifDetayVC.swift in Sources */,
				3A0961752BD8DE2C000BE82A /* AnasayfaVC.swift in Sources */,
				3A0961792BD8DF29000BE82A /* TarifYukleVC.swift in Sources */,
				3A0961732BD8DDEF000BE82A /* KayitOlVC.swift in Sources */,
				3A09618B2BD8E5C3000BE82A /* FavoriYemekler.swift in Sources */,
				3A0961632BD846F6000BE82A /* GirisYapVC.swift in Sources */,
				3A09618D2BD8E65B000BE82A /* Alert.swift in Sources */,
				3A0961772BD8DF05000BE82A /* TarifDefteriVC.swift in Sources */,
				3A09615F2BD846F6000BE82A /* AppDelegate.swift in Sources */,
				3A0961832BD8E50F000BE82A /* Kategoriler.swift in Sources */,
				3A0961852BD8E548000BE82A /* Kullanicilar.swift in Sources */,
				3A0961892BD8E59E000BE82A /* Yemekler.swift in Sources */,
				3A09617B2BD8DF6E000BE82A /* ProfilVC.swift in Sources */,
				3A0961612BD846F6000BE82A /* SceneDelegate.swift in Sources */,
			);
			runOnlyForDeploymentPostprocessing = 0;
		};
/* End PBXSourcesBuildPhase section */

/* Begin PBXVariantGroup section */
		3A0961642BD846F6000BE82A /* Main.storyboard */ = {
			isa = PBXVariantGroup;
			children = (
				3A0961652BD846F6000BE82A /* Base */,
			);
			name = Main.storyboard;
			sourceTree = "<group>";
		};
		3A0961692BD846F8000BE82A /* LaunchScreen.storyboard */ = {
			isa = PBXVariantGroup;
			children = (
				3A09616A2BD846F8000BE82A /* Base */,
			);
			name = LaunchScreen.storyboard;
			sourceTree = "<group>";
		};
/* End PBXVariantGroup section */

/* Begin XCBuildConfiguration section */
		3A09616D2BD846F8000BE82A /* Debug */ = {
			isa = XCBuildConfiguration;
			buildSettings = {
				ALWAYS_SEARCH_USER_PATHS = NO;
				ASSETCATALOG_COMPILER_GENERATE_SWIFT_ASSET_SYMBOL_EXTENSIONS = YES;
				CLANG_ANALYZER_NONNULL = YES;
				CLANG_ANALYZER_NUMBER_OBJECT_CONVERSION = YES_AGGRESSIVE;
				CLANG_CXX_LANGUAGE_STANDARD = "gnu++20";
				CLANG_ENABLE_MODULES = YES;
				CLANG_ENABLE_OBJC_ARC = YES;
				CLANG_ENABLE_OBJC_WEAK = YES;
				CLANG_WARN_BLOCK_CAPTURE_AUTORELEASING = YES;
				CLANG_WARN_BOOL_CONVERSION = YES;
				CLANG_WARN_COMMA = YES;
				CLANG_WARN_CONSTANT_CONVERSION = YES;
				CLANG_WARN_DEPRECATED_OBJC_IMPLEMENTATIONS = YES;
				CLANG_WARN_DIRECT_OBJC_ISA_USAGE = YES_ERROR;
				CLANG_WARN_DOCUMENTATION_COMMENTS = YES;
				CLANG_WARN_EMPTY_BODY = YES;
				CLANG_WARN_ENUM_CONVERSION = YES;
				CLANG_WARN_INFINITE_RECURSION = YES;
				CLANG_WARN_INT_CONVERSION = YES;
				CLANG_WARN_NON_LITERAL_NULL_CONVERSION = YES;
				CLANG_WARN_OBJC_IMPLICIT_RETAIN_SELF = YES;
				CLANG_WARN_OBJC_LITERAL_CONVERSION = YES;
				CLANG_WARN_OBJC_ROOT_CLASS = YES_ERROR;
				CLANG_WARN_QUOTED_INCLUDE_IN_FRAMEWORK_HEADER = YES;
				CLANG_WARN_RANGE_LOOP_ANALYSIS = YES;
				CLANG_WARN_STRICT_PROTOTYPES = YES;
				CLANG_WARN_SUSPICIOUS_MOVE = YES;
				CLANG_WARN_UNGUARDED_AVAILABILITY = YES_AGGRESSIVE;
				CLANG_WARN_UNREACHABLE_CODE = YES;
				CLANG_WARN__DUPLICATE_METHOD_MATCH = YES;
				COPY_PHASE_STRIP = NO;
				DEBUG_INFORMATION_FORMAT = dwarf;
				ENABLE_STRICT_OBJC_MSGSEND = YES;
				ENABLE_TESTABILITY = YES;
				ENABLE_USER_SCRIPT_SANDBOXING = YES;
				GCC_C_LANGUAGE_STANDARD = gnu17;
				GCC_DYNAMIC_NO_PIC = NO;
				GCC_NO_COMMON_BLOCKS = YES;
				GCC_OPTIMIZATION_LEVEL = 0;
				GCC_PREPROCESSOR_DEFINITIONS = (
					"DEBUG=1",
					"$(inherited)",
				);
				GCC_WARN_64_TO_32_BIT_CONVERSION = YES;
				GCC_WARN_ABOUT_RETURN_TYPE = YES_ERROR;
				GCC_WARN_UNDECLARED_SELECTOR = YES;
				GCC_WARN_UNINITIALIZED_AUTOS = YES_AGGRESSIVE;
				GCC_WARN_UNUSED_FUNCTION = YES;
				GCC_WARN_UNUSED_VARIABLE = YES;
				IPHONEOS_DEPLOYMENT_TARGET = 17.0;
				LOCALIZATION_PREFERS_STRING_CATALOGS = YES;
				MTL_ENABLE_DEBUG_INFO = INCLUDE_SOURCE;
				MTL_FAST_MATH = YES;
				ONLY_ACTIVE_ARCH = YES;
				SDKROOT = iphoneos;
				SWIFT_ACTIVE_COMPILATION_CONDITIONS = "DEBUG $(inherited)";
				SWIFT_OPTIMIZATION_LEVEL = "-Onone";
			};
			name = Debug;
		};
		3A09616E2BD846F8000BE82A /* Release */ = {
			isa = XCBuildConfiguration;
			buildSettings = {
				ALWAYS_SEARCH_USER_PATHS = NO;
				ASSETCATALOG_COMPILER_GENERATE_SWIFT_ASSET_SYMBOL_EXTENSIONS = YES;
				CLANG_ANALYZER_NONNULL = YES;
				CLANG_ANALYZER_NUMBER_OBJECT_CONVERSION = YES_AGGRESSIVE;
				CLANG_CXX_LANGUAGE_STANDARD = "gnu++20";
				CLANG_ENABLE_MODULES = YES;
				CLANG_ENABLE_OBJC_ARC = YES;
				CLANG_ENABLE_OBJC_WEAK = YES;
				CLANG_WARN_BLOCK_CAPTURE_AUTORELEASING = YES;
				CLANG_WARN_BOOL_CONVERSION = YES;
				CLANG_WARN_COMMA = YES;
				CLANG_WARN_CONSTANT_CONVERSION = YES;
				CLANG_WARN_DEPRECATED_OBJC_IMPLEMENTATIONS = YES;
				CLANG_WARN_DIRECT_OBJC_ISA_USAGE = YES_ERROR;
				CLANG_WARN_DOCUMENTATION_COMMENTS = YES;
				CLANG_WARN_EMPTY_BODY = YES;
				CLANG_WARN_ENUM_CONVERSION = YES;
				CLANG_WARN_INFINITE_RECURSION = YES;
				CLANG_WARN_INT_CONVERSION = YES;
				CLANG_WARN_NON_LITERAL_NULL_CONVERSION = YES;
				CLANG_WARN_OBJC_IMPLICIT_RETAIN_SELF = YES;
				CLANG_WARN_OBJC_LITERAL_CONVERSION = YES;
				CLANG_WARN_OBJC_ROOT_CLASS = YES_ERROR;
				CLANG_WARN_QUOTED_INCLUDE_IN_FRAMEWORK_HEADER = YES;
				CLANG_WARN_RANGE_LOOP_ANALYSIS = YES;
				CLANG_WARN_STRICT_PROTOTYPES = YES;
				CLANG_WARN_SUSPICIOUS_MOVE = YES;
				CLANG_WARN_UNGUARDED_AVAILABILITY = YES_AGGRESSIVE;
				CLANG_WARN_UNREACHABLE_CODE = YES;
				CLANG_WARN__DUPLICATE_METHOD_MATCH = YES;
				COPY_PHASE_STRIP = NO;
				DEBUG_INFORMATION_FORMAT = "dwarf-with-dsym";
				ENABLE_NS_ASSERTIONS = NO;
				ENABLE_STRICT_OBJC_MSGSEND = YES;
				ENABLE_USER_SCRIPT_SANDBOXING = YES;
				GCC_C_LANGUAGE_STANDARD = gnu17;
				GCC_NO_COMMON_BLOCKS = YES;
				GCC_WARN_64_TO_32_BIT_CONVERSION = YES;
				GCC_WARN_ABOUT_RETURN_TYPE = YES_ERROR;
				GCC_WARN_UNDECLARED_SELECTOR = YES;
				GCC_WARN_UNINITIALIZED_AUTOS = YES_AGGRESSIVE;
				GCC_WARN_UNUSED_FUNCTION = YES;
				GCC_WARN_UNUSED_VARIABLE = YES;
				IPHONEOS_DEPLOYMENT_TARGET = 17.0;
				LOCALIZATION_PREFERS_STRING_CATALOGS = YES;
				MTL_ENABLE_DEBUG_INFO = NO;
				MTL_FAST_MATH = YES;
				SDKROOT = iphoneos;
				SWIFT_COMPILATION_MODE = wholemodule;
				VALIDATE_PRODUCT = YES;
			};
			name = Release;
		};
		3A0961702BD846F8000BE82A /* Debug */ = {
			isa = XCBuildConfiguration;
			buildSettings = {
				ASSETCATALOG_COMPILER_APPICON_NAME = AppIcon;
				ASSETCATALOG_COMPILER_GLOBAL_ACCENT_COLOR_NAME = AccentColor;
				CODE_SIGN_STYLE = Automatic;
				CURRENT_PROJECT_VERSION = 1;
				DEVELOPMENT_TEAM = S849W7DL9F;
				GENERATE_INFOPLIST_FILE = YES;
				INFOPLIST_FILE = Yemeklerim/Info.plist;
				INFOPLIST_KEY_UIApplicationSupportsIndirectInputEvents = YES;
				INFOPLIST_KEY_UILaunchStoryboardName = LaunchScreen;
				INFOPLIST_KEY_UIMainStoryboardFile = Main;
				INFOPLIST_KEY_UISupportedInterfaceOrientations_iPad = "UIInterfaceOrientationPortrait UIInterfaceOrientationPortraitUpsideDown UIInterfaceOrientationLandscapeLeft UIInterfaceOrientationLandscapeRight";
				INFOPLIST_KEY_UISupportedInterfaceOrientations_iPhone = "UIInterfaceOrientationPortrait UIInterfaceOrientationLandscapeLeft UIInterfaceOrientationLandscapeRight";
				IPHONEOS_DEPLOYMENT_TARGET = 16.0;
				LD_RUNPATH_SEARCH_PATHS = (
					"$(inherited)",
					"@executable_path/Frameworks",
				);
				MARKETING_VERSION = 1.0;
				PRODUCT_BUNDLE_IDENTIFIER = firatilhan.Yemeklerim;
				PRODUCT_NAME = "$(TARGET_NAME)";
				SWIFT_EMIT_LOC_STRINGS = YES;
				SWIFT_VERSION = 5.0;
				TARGETED_DEVICE_FAMILY = "1,2";
			};
			name = Debug;
		};
		3A0961712BD846F8000BE82A /* Release */ = {
			isa = XCBuildConfiguration;
			buildSettings = {
				ASSETCATALOG_COMPILER_APPICON_NAME = AppIcon;
				ASSETCATALOG_COMPILER_GLOBAL_ACCENT_COLOR_NAME = AccentColor;
				CODE_SIGN_STYLE = Automatic;
				CURRENT_PROJECT_VERSION = 1;
				DEVELOPMENT_TEAM = S849W7DL9F;
				GENERATE_INFOPLIST_FILE = YES;
				INFOPLIST_FILE = Yemeklerim/Info.plist;
				INFOPLIST_KEY_UIApplicationSupportsIndirectInputEvents = YES;
				INFOPLIST_KEY_UILaunchStoryboardName = LaunchScreen;
				INFOPLIST_KEY_UIMainStoryboardFile = Main;
				INFOPLIST_KEY_UISupportedInterfaceOrientations_iPad = "UIInterfaceOrientationPortrait UIInterfaceOrientationPortraitUpsideDown UIInterfaceOrientationLandscapeLeft UIInterfaceOrientationLandscapeRight";
				INFOPLIST_KEY_UISupportedInterfaceOrientations_iPhone = "UIInterfaceOrientationPortrait UIInterfaceOrientationLandscapeLeft UIInterfaceOrientationLandscapeRight";
				IPHONEOS_DEPLOYMENT_TARGET = 16.0;
				LD_RUNPATH_SEARCH_PATHS = (
					"$(inherited)",
					"@executable_path/Frameworks",
				);
				MARKETING_VERSION = 1.0;
				PRODUCT_BUNDLE_IDENTIFIER = firatilhan.Yemeklerim;
				PRODUCT_NAME = "$(TARGET_NAME)";
				SWIFT_EMIT_LOC_STRINGS = YES;
				SWIFT_VERSION = 5.0;
				TARGETED_DEVICE_FAMILY = "1,2";
			};
			name = Release;
		};
/* End XCBuildConfiguration section */

/* Begin XCConfigurationList section */
		3A0961562BD846F6000BE82A /* Build configuration list for PBXProject "Yemeklerim" */ = {
			isa = XCConfigurationList;
			buildConfigurations = (
				3A09616D2BD846F8000BE82A /* Debug */,
				3A09616E2BD846F8000BE82A /* Release */,
			);
			defaultConfigurationIsVisible = 0;
			defaultConfigurationName = Release;
		};
		3A09616F2BD846F8000BE82A /* Build configuration list for PBXNativeTarget "Yemeklerim" */ = {
			isa = XCConfigurationList;
			buildConfigurations = (
				3A0961702BD846F8000BE82A /* Debug */,
				3A0961712BD846F8000BE82A /* Release */,
			);
			defaultConfigurationIsVisible = 0;
			defaultConfigurationName = Release;
		};
/* End XCConfigurationList section */
	};
	rootObject = 3A0961532BD846F6000BE82A /* Project object */;
}
